
Microsoft Visual Studio Solution File, Format Version 12.00
# Visual Studio Version 16
VisualStudioVersion = 16.0.31005.135
MinimumVisualStudioVersion = 10.0.40219.1
Project("{FAE04EC0-301F-11D3-BF4B-00C04F79EFBC}") = "CatalogueCloud", "CatalogueCloud\CatalogueCloud.csproj", "{144066D3-8890-469F-AF07-455AD88D52AD}"
EndProject
Global
	GlobalSection(SolutionConfigurationPlatforms) = preSolution
		Debug|Any CPU = Debug|Any CPU
		Release|Any CPU = Release|Any CPU
	EndGlobalSection
	GlobalSection(ProjectConfigurationPlatforms) = postSolution
		{144066D3-8890-469F-AF07-455AD88D52AD}.Debug|Any CPU.ActiveCfg = Debug|Any CPU
		{144066D3-8890-469F-AF07-455AD88D52AD}.Debug|Any CPU.Build.0 = Debug|Any CPU
		{144066D3-8890-469F-AF07-455AD88D52AD}.Release|Any CPU.ActiveCfg = Release|Any CPU
		{144066D3-8890-469F-AF07-455AD88D52AD}.Release|Any CPU.Build.0 = Release|Any CPU
	EndGlobalSection
	GlobalSection(SolutionProperties) = preSolution
		HideSolutionNode = FALSE
	EndGlobalSection
	GlobalSection(ExtensibilityGlobals) = postSolution
		SolutionGuid = {05736712-C7B2-4A46-B486-E304349ADCAE}
	EndGlobalSection
EndGlobal
